{
  "name": "@elucidate/utils",
  "version": "0.0.1",
  "lockfileVersion": 3,
  "requires": true,
  "packages": {
    "": {
      "name": "@elucidate/utils",
      "version": "0.0.1",
      "hasInstallScript": true,
      "license": "ISC",
      "devDependencies": {
        "@types/node": "^16.10.3",
        "typescript": "^5.3.3"
      }
    },
    "node_modules/@types/node": {
      "version": "16.18.86",
      "resolved": "https://registry.npmjs.org/@types/node/-/node-16.18.86.tgz",
      "integrity": "sha512-QMvdZf+ZTSiv7gspwhqbfB7Y5DmbYgCsUnakS8Ul9uRbJQehDKaM7SL+GbcDS003Lh7VK4YlelHsRm9HCv26eA==",
      "dev": true
    },
    "node_modules/typescript": {
      "version": "5.3.3",
      "resolved": "https://registry.npmjs.org/typescript/-/typescript-5.3.3.tgz",
      "integrity": "sha512-pXWcraxM0uxAS+tN0AG/BF2TyqmHO014Z070UsJ+pFvYuRSq8KH8DmWpnbXe0pEPDHXZV3FcAbJkijJ5oNEnWw==",
      "dev": true,
      "bin": {
        "tsc": "bin/tsc",
        "tsserver": "bin/tsserver"
      },
      "engines": {
        "node": ">=14.17"
      }
    }
  }
}
